
Microsoft Visual Studio Solution File, Format Version 12.00
# Visual Studio Version 16
VisualStudioVersion = 16.0.29209.62
MinimumVisualStudioVersion = 10.0.40219.1
Project("{FAE04EC0-301F-11D3-BF4B-00C04F79EFBC}") = "FailSafe", "FailSafe\FailSafe.csproj", "{79578678-1365-413A-9E1E-53E9C282611F}"
EndProject
Global
	GlobalSection(SolutionConfigurationPlatforms) = preSolution
		Debug|Any CPU = Debug|Any CPU
		Release|Any CPU = Release|Any CPU
	EndGlobalSection
	GlobalSection(ProjectConfigurationPlatforms) = postSolution
		{79578678-1365-413A-9E1E-53E9C282611F}.Debug|Any CPU.ActiveCfg = Debug|Any CPU
		{79578678-1365-413A-9E1E-53E9C282611F}.Debug|Any CPU.Build.0 = Debug|Any CPU
		{79578678-1365-413A-9E1E-53E9C282611F}.Release|Any CPU.ActiveCfg = Release|Any CPU
		{79578678-1365-413A-9E1E-53E9C282611F}.Release|Any CPU.Build.0 = Release|Any CPU
	EndGlobalSection
	GlobalSection(SolutionProperties) = preSolution
		HideSolutionNode = FALSE
	EndGlobalSection
	GlobalSection(ExtensibilityGlobals) = postSolution
		SolutionGuid = {96904F23-43B5-4B42-A5E0-EA347C5B7216}
	EndGlobalSection
EndGlobal
